
Microsoft Visual Studio Solution File, Format Version 12.00
Project("{FAE04EC0-301F-11D3-BF4B-00C04F79EFBC}") = "WebApp", "WebApp\WebApp.csproj", "{9CD39A96-20DF-424B-A3E4-FE1BDF8E9F88}"
EndProject
Project("{2150E333-8FDC-42A3-9474-1A3956D46DE8}") = "!SolutionItems", "!SolutionItems", "{15857D70-9267-4DDF-963B-CACE0560ED95}"
	ProjectSection(SolutionItems) = preProject
		..\README.md = ..\README.md
		..\.gitignore = ..\.gitignore
		..\Directory.Build.props = ..\Directory.Build.props
		..\docker-compose.yml = ..\docker-compose.yml
		..\.dockerignore = ..\.dockerignore
		..\Dockerfile = ..\Dockerfile
	EndProjectSection
EndProject
Project("{FAE04EC0-301F-11D3-BF4B-00C04F79EFBC}") = "App.Domain", "App.Domain\App.Domain.csproj", "{6FCF7586-765C-485E-9DAE-631912B44257}"
EndProject
Project("{FAE04EC0-301F-11D3-BF4B-00C04F79EFBC}") = "App.DAL.EF", "App.DAL.EF\App.DAL.EF.csproj", "{BCC47DED-6D3F-4ABE-99E9-8A0E15238E47}"
EndProject
Project("{2150E333-8FDC-42A3-9474-1A3956D46DE8}") = "APP", "APP", "{2C072639-3B04-4C3F-9D39-08A91AB57966}"
EndProject
Project("{2150E333-8FDC-42A3-9474-1A3956D46DE8}") = "BASE", "BASE", "{CB595B8B-42D2-4430-8334-8712511F43BA}"
EndProject
Project("{FAE04EC0-301F-11D3-BF4B-00C04F79EFBC}") = "Base.Domain", "Base.Domain\Base.Domain.csproj", "{18F2D9C9-0333-4B31-95B4-298B35690336}"
EndProject
Project("{FAE04EC0-301F-11D3-BF4B-00C04F79EFBC}") = "Base.Resources", "Base.Resources\Base.Resources.csproj", "{9207C5AA-B3E3-4742-8EA1-43D8BE06B0FF}"
EndProject
Project("{FAE04EC0-301F-11D3-BF4B-00C04F79EFBC}") = "App.Resources", "App.Resources\App.Resources.csproj", "{95E9DDBD-B707-46DB-AE84-C2EF99A5D530}"
EndProject
Project("{FAE04EC0-301F-11D3-BF4B-00C04F79EFBC}") = "Base.DAL.Contracts", "Base.DAL.Contracts\Base.DAL.Contracts.csproj", "{441301A0-0EEA-466B-ACD3-2EF02F9E5565}"
EndProject
Project("{FAE04EC0-301F-11D3-BF4B-00C04F79EFBC}") = "Base.DAL.EF", "Base.DAL.EF\Base.DAL.EF.csproj", "{5431B20A-1048-45DC-A4C1-F72A13070C91}"
EndProject
Project("{FAE04EC0-301F-11D3-BF4B-00C04F79EFBC}") = "Base.Contracts", "Base.Contracts\Base.Contracts.csproj", "{3CF207B8-6FDC-40A6-B54C-7F90F24FD994}"
EndProject
Project("{FAE04EC0-301F-11D3-BF4B-00C04F79EFBC}") = "App.DAL.Contracts", "App.DAL.Contracts\App.DAL.Contracts.csproj", "{5BE8A8F9-E245-4838-B418-B3673E0B9BA2}"
EndProject
Project("{FAE04EC0-301F-11D3-BF4B-00C04F79EFBC}") = "Base.Helpers", "Base.Helpers\Base.Helpers.csproj", "{B78373D8-2DC2-40FC-83CB-ED62036B0964}"
EndProject
Project("{FAE04EC0-301F-11D3-BF4B-00C04F79EFBC}") = "App.DTO", "App.DTO\App.DTO.csproj", "{4A545EFF-097D-428C-9890-1329211D31DE}"
EndProject
Project("{FAE04EC0-301F-11D3-BF4B-00C04F79EFBC}") = "App.DAL.DTO", "App.DAL.DTO\App.DAL.DTO.csproj", "{5447FCDE-FC7D-480E-8099-85CD57239CBA}"
EndProject
Project("{FAE04EC0-301F-11D3-BF4B-00C04F79EFBC}") = "Base.BLL", "Base.BLL\Base.BLL.csproj", "{948E674A-ADED-4D4E-86F9-97C44CA8C709}"
EndProject
Project("{FAE04EC0-301F-11D3-BF4B-00C04F79EFBC}") = "Base.BLL.Contracts", "Base.BLL.Contracts\Base.BLL.Contracts.csproj", "{6702F2B1-F001-42C5-BE0C-53E37C698CDE}"
EndProject
Project("{FAE04EC0-301F-11D3-BF4B-00C04F79EFBC}") = "App.BLL", "App.BLL\App.BLL.csproj", "{DD36D867-0EA5-4DAE-899C-2C32A9BB11BD}"
EndProject
Project("{FAE04EC0-301F-11D3-BF4B-00C04F79EFBC}") = "App.BLL.Contracts", "App.BLL.Contracts\App.BLL.Contracts.csproj", "{5A7AB6A5-6DDA-4F6C-9071-F3FFE862C6B2}"
EndProject
Project("{FAE04EC0-301F-11D3-BF4B-00C04F79EFBC}") = "App.BLL.DTO", "App.BLL.DTO\App.BLL.DTO.csproj", "{E3F452C1-970A-404A-A948-3479ACC93B7A}"
EndProject
Project("{FAE04EC0-301F-11D3-BF4B-00C04F79EFBC}") = "App.Tests", "App.Tests\App.Tests.csproj", "{0DB72A12-512C-48E5-AEEE-FA07742A0CF1}"
EndProject
Global
	GlobalSection(SolutionConfigurationPlatforms) = preSolution
		Debug|Any CPU = Debug|Any CPU
		Release|Any CPU = Release|Any CPU
	EndGlobalSection
	GlobalSection(ProjectConfigurationPlatforms) = postSolution
		{9CD39A96-20DF-424B-A3E4-FE1BDF8E9F88}.Debug|Any CPU.ActiveCfg = Debug|Any CPU
		{9CD39A96-20DF-424B-A3E4-FE1BDF8E9F88}.Debug|Any CPU.Build.0 = Debug|Any CPU
		{9CD39A96-20DF-424B-A3E4-FE1BDF8E9F88}.Release|Any CPU.ActiveCfg = Release|Any CPU
		{9CD39A96-20DF-424B-A3E4-FE1BDF8E9F88}.Release|Any CPU.Build.0 = Release|Any CPU
		{6FCF7586-765C-485E-9DAE-631912B44257}.Debug|Any CPU.ActiveCfg = Debug|Any CPU
		{6FCF7586-765C-485E-9DAE-631912B44257}.Debug|Any CPU.Build.0 = Debug|Any CPU
		{6FCF7586-765C-485E-9DAE-631912B44257}.Release|Any CPU.ActiveCfg = Release|Any CPU
		{6FCF7586-765C-485E-9DAE-631912B44257}.Release|Any CPU.Build.0 = Release|Any CPU
		{BCC47DED-6D3F-4ABE-99E9-8A0E15238E47}.Debug|Any CPU.ActiveCfg = Debug|Any CPU
		{BCC47DED-6D3F-4ABE-99E9-8A0E15238E47}.Debug|Any CPU.Build.0 = Debug|Any CPU
		{BCC47DED-6D3F-4ABE-99E9-8A0E15238E47}.Release|Any CPU.ActiveCfg = Release|Any CPU
		{BCC47DED-6D3F-4ABE-99E9-8A0E15238E47}.Release|Any CPU.Build.0 = Release|Any CPU
		{18F2D9C9-0333-4B31-95B4-298B35690336}.Debug|Any CPU.ActiveCfg = Debug|Any CPU
		{18F2D9C9-0333-4B31-95B4-298B35690336}.Debug|Any CPU.Build.0 = Debug|Any CPU
		{18F2D9C9-0333-4B31-95B4-298B35690336}.Release|Any CPU.ActiveCfg = Release|Any CPU
		{18F2D9C9-0333-4B31-95B4-298B35690336}.Release|Any CPU.Build.0 = Release|Any CPU
		{9207C5AA-B3E3-4742-8EA1-43D8BE06B0FF}.Debug|Any CPU.ActiveCfg = Debug|Any CPU
		{9207C5AA-B3E3-4742-8EA1-43D8BE06B0FF}.Debug|Any CPU.Build.0 = Debug|Any CPU
		{9207C5AA-B3E3-4742-8EA1-43D8BE06B0FF}.Release|Any CPU.ActiveCfg = Release|Any CPU
		{9207C5AA-B3E3-4742-8EA1-43D8BE06B0FF}.Release|Any CPU.Build.0 = Release|Any CPU
		{95E9DDBD-B707-46DB-AE84-C2EF99A5D530}.Debug|Any CPU.ActiveCfg = Debug|Any CPU
		{95E9DDBD-B707-46DB-AE84-C2EF99A5D530}.Debug|Any CPU.Build.0 = Debug|Any CPU
		{95E9DDBD-B707-46DB-AE84-C2EF99A5D530}.Release|Any CPU.ActiveCfg = Release|Any CPU
		{95E9DDBD-B707-46DB-AE84-C2EF99A5D530}.Release|Any CPU.Build.0 = Release|Any CPU
		{441301A0-0EEA-466B-ACD3-2EF02F9E5565}.Debug|Any CPU.ActiveCfg = Debug|Any CPU
		{441301A0-0EEA-466B-ACD3-2EF02F9E5565}.Debug|Any CPU.Build.0 = Debug|Any CPU
		{441301A0-0EEA-466B-ACD3-2EF02F9E5565}.Release|Any CPU.ActiveCfg = Release|Any CPU
		{441301A0-0EEA-466B-ACD3-2EF02F9E5565}.Release|Any CPU.Build.0 = Release|Any CPU
		{5431B20A-1048-45DC-A4C1-F72A13070C91}.Debug|Any CPU.ActiveCfg = Debug|Any CPU
		{5431B20A-1048-45DC-A4C1-F72A13070C91}.Debug|Any CPU.Build.0 = Debug|Any CPU
		{5431B20A-1048-45DC-A4C1-F72A13070C91}.Release|Any CPU.ActiveCfg = Release|Any CPU
		{5431B20A-1048-45DC-A4C1-F72A13070C91}.Release|Any CPU.Build.0 = Release|Any CPU
		{3CF207B8-6FDC-40A6-B54C-7F90F24FD994}.Debug|Any CPU.ActiveCfg = Debug|Any CPU
		{3CF207B8-6FDC-40A6-B54C-7F90F24FD994}.Debug|Any CPU.Build.0 = Debug|Any CPU
		{3CF207B8-6FDC-40A6-B54C-7F90F24FD994}.Release|Any CPU.ActiveCfg = Release|Any CPU
		{3CF207B8-6FDC-40A6-B54C-7F90F24FD994}.Release|Any CPU.Build.0 = Release|Any CPU
		{5BE8A8F9-E245-4838-B418-B3673E0B9BA2}.Debug|Any CPU.ActiveCfg = Debug|Any CPU
		{5BE8A8F9-E245-4838-B418-B3673E0B9BA2}.Debug|Any CPU.Build.0 = Debug|Any CPU
		{5BE8A8F9-E245-4838-B418-B3673E0B9BA2}.Release|Any CPU.ActiveCfg = Release|Any CPU
		{5BE8A8F9-E245-4838-B418-B3673E0B9BA2}.Release|Any CPU.Build.0 = Release|Any CPU
		{B78373D8-2DC2-40FC-83CB-ED62036B0964}.Debug|Any CPU.ActiveCfg = Debug|Any CPU
		{B78373D8-2DC2-40FC-83CB-ED62036B0964}.Debug|Any CPU.Build.0 = Debug|Any CPU
		{B78373D8-2DC2-40FC-83CB-ED62036B0964}.Release|Any CPU.ActiveCfg = Release|Any CPU
		{B78373D8-2DC2-40FC-83CB-ED62036B0964}.Release|Any CPU.Build.0 = Release|Any CPU
		{4A545EFF-097D-428C-9890-1329211D31DE}.Debug|Any CPU.ActiveCfg = Debug|Any CPU
		{4A545EFF-097D-428C-9890-1329211D31DE}.Debug|Any CPU.Build.0 = Debug|Any CPU
		{4A545EFF-097D-428C-9890-1329211D31DE}.Release|Any CPU.ActiveCfg = Release|Any CPU
		{4A545EFF-097D-428C-9890-1329211D31DE}.Release|Any CPU.Build.0 = Release|Any CPU
		{5447FCDE-FC7D-480E-8099-85CD57239CBA}.Debug|Any CPU.ActiveCfg = Debug|Any CPU
		{5447FCDE-FC7D-480E-8099-85CD57239CBA}.Debug|Any CPU.Build.0 = Debug|Any CPU
		{5447FCDE-FC7D-480E-8099-85CD57239CBA}.Release|Any CPU.ActiveCfg = Release|Any CPU
		{5447FCDE-FC7D-480E-8099-85CD57239CBA}.Release|Any CPU.Build.0 = Release|Any CPU
		{948E674A-ADED-4D4E-86F9-97C44CA8C709}.Debug|Any CPU.ActiveCfg = Debug|Any CPU
		{948E674A-ADED-4D4E-86F9-97C44CA8C709}.Debug|Any CPU.Build.0 = Debug|Any CPU
		{948E674A-ADED-4D4E-86F9-97C44CA8C709}.Release|Any CPU.ActiveCfg = Release|Any CPU
		{948E674A-ADED-4D4E-86F9-97C44CA8C709}.Release|Any CPU.Build.0 = Release|Any CPU
		{6702F2B1-F001-42C5-BE0C-53E37C698CDE}.Debug|Any CPU.ActiveCfg = Debug|Any CPU
		{6702F2B1-F001-42C5-BE0C-53E37C698CDE}.Debug|Any CPU.Build.0 = Debug|Any CPU
		{6702F2B1-F001-42C5-BE0C-53E37C698CDE}.Release|Any CPU.ActiveCfg = Release|Any CPU
		{6702F2B1-F001-42C5-BE0C-53E37C698CDE}.Release|Any CPU.Build.0 = Release|Any CPU
		{DD36D867-0EA5-4DAE-899C-2C32A9BB11BD}.Debug|Any CPU.ActiveCfg = Debug|Any CPU
		{DD36D867-0EA5-4DAE-899C-2C32A9BB11BD}.Debug|Any CPU.Build.0 = Debug|Any CPU
		{DD36D867-0EA5-4DAE-899C-2C32A9BB11BD}.Release|Any CPU.ActiveCfg = Release|Any CPU
		{DD36D867-0EA5-4DAE-899C-2C32A9BB11BD}.Release|Any CPU.Build.0 = Release|Any CPU
		{5A7AB6A5-6DDA-4F6C-9071-F3FFE862C6B2}.Debug|Any CPU.ActiveCfg = Debug|Any CPU
		{5A7AB6A5-6DDA-4F6C-9071-F3FFE862C6B2}.Debug|Any CPU.Build.0 = Debug|Any CPU
		{5A7AB6A5-6DDA-4F6C-9071-F3FFE862C6B2}.Release|Any CPU.ActiveCfg = Release|Any CPU
		{5A7AB6A5-6DDA-4F6C-9071-F3FFE862C6B2}.Release|Any CPU.Build.0 = Release|Any CPU
		{E3F452C1-970A-404A-A948-3479ACC93B7A}.Debug|Any CPU.ActiveCfg = Debug|Any CPU
		{E3F452C1-970A-404A-A948-3479ACC93B7A}.Debug|Any CPU.Build.0 = Debug|Any CPU
		{E3F452C1-970A-404A-A948-3479ACC93B7A}.Release|Any CPU.ActiveCfg = Release|Any CPU
		{E3F452C1-970A-404A-A948-3479ACC93B7A}.Release|Any CPU.Build.0 = Release|Any CPU
		{0DB72A12-512C-48E5-AEEE-FA07742A0CF1}.Debug|Any CPU.ActiveCfg = Debug|Any CPU
		{0DB72A12-512C-48E5-AEEE-FA07742A0CF1}.Debug|Any CPU.Build.0 = Debug|Any CPU
		{0DB72A12-512C-48E5-AEEE-FA07742A0CF1}.Release|Any CPU.ActiveCfg = Release|Any CPU
		{0DB72A12-512C-48E5-AEEE-FA07742A0CF1}.Release|Any CPU.Build.0 = Release|Any CPU
	EndGlobalSection
	GlobalSection(NestedProjects) = preSolution
		{18F2D9C9-0333-4B31-95B4-298B35690336} = {CB595B8B-42D2-4430-8334-8712511F43BA}
		{BCC47DED-6D3F-4ABE-99E9-8A0E15238E47} = {2C072639-3B04-4C3F-9D39-08A91AB57966}
		{6FCF7586-765C-485E-9DAE-631912B44257} = {2C072639-3B04-4C3F-9D39-08A91AB57966}
		{9CD39A96-20DF-424B-A3E4-FE1BDF8E9F88} = {2C072639-3B04-4C3F-9D39-08A91AB57966}
		{9207C5AA-B3E3-4742-8EA1-43D8BE06B0FF} = {CB595B8B-42D2-4430-8334-8712511F43BA}
		{95E9DDBD-B707-46DB-AE84-C2EF99A5D530} = {2C072639-3B04-4C3F-9D39-08A91AB57966}
		{441301A0-0EEA-466B-ACD3-2EF02F9E5565} = {CB595B8B-42D2-4430-8334-8712511F43BA}
		{5431B20A-1048-45DC-A4C1-F72A13070C91} = {CB595B8B-42D2-4430-8334-8712511F43BA}
		{3CF207B8-6FDC-40A6-B54C-7F90F24FD994} = {CB595B8B-42D2-4430-8334-8712511F43BA}
		{5BE8A8F9-E245-4838-B418-B3673E0B9BA2} = {2C072639-3B04-4C3F-9D39-08A91AB57966}
		{B78373D8-2DC2-40FC-83CB-ED62036B0964} = {CB595B8B-42D2-4430-8334-8712511F43BA}
		{4A545EFF-097D-428C-9890-1329211D31DE} = {2C072639-3B04-4C3F-9D39-08A91AB57966}
		{5447FCDE-FC7D-480E-8099-85CD57239CBA} = {2C072639-3B04-4C3F-9D39-08A91AB57966}
		{948E674A-ADED-4D4E-86F9-97C44CA8C709} = {CB595B8B-42D2-4430-8334-8712511F43BA}
		{6702F2B1-F001-42C5-BE0C-53E37C698CDE} = {CB595B8B-42D2-4430-8334-8712511F43BA}
		{DD36D867-0EA5-4DAE-899C-2C32A9BB11BD} = {2C072639-3B04-4C3F-9D39-08A91AB57966}
		{5A7AB6A5-6DDA-4F6C-9071-F3FFE862C6B2} = {2C072639-3B04-4C3F-9D39-08A91AB57966}
		{E3F452C1-970A-404A-A948-3479ACC93B7A} = {2C072639-3B04-4C3F-9D39-08A91AB57966}
		{0DB72A12-512C-48E5-AEEE-FA07742A0CF1} = {2C072639-3B04-4C3F-9D39-08A91AB57966}
	EndGlobalSection
EndGlobal
